schema: '2.0'
stages:
  download:
    cmd: bash stages/00_download.sh
    deps:
    - path: stages/00_download.sh
      hash: md5
      md5: 326bcab44ec2b08036c166a850eed212
      size: 356
    outs:
    - path: download/
      hash: md5
      md5: 0c1a99e6726d7e33a3c21582f98a164d.dir
      size: 60033082
      nfiles: 37
  process:
    cmd: Rscript stages/01_process.R
    deps:
    - path: download/
      hash: md5
      md5: 0c1a99e6726d7e33a3c21582f98a164d.dir
      size: 60033082
      nfiles: 37
    - path: stages/01_process.R
      hash: md5
      md5: 3b8635a7ab7d9b1f2c2e1f64d6f80f1f
      size: 1162
    outs:
    - path: brick/
      hash: md5
      md5: 186794374779c52bb7cd166f330d9eeb.dir
      size: 11571485
      nfiles: 35
  process_embl:
    cmd: python3 stages/02_process_embl.py
    deps:
    - path: download/
      hash: md5
      md5: 0c1a99e6726d7e33a3c21582f98a164d.dir
      size: 60033082
      nfiles: 37
    - path: stages/02_process_embl.py
      hash: md5
      md5: 2e3ea1c0157933569db420987230a4cb
      size: 552
